
Microsoft Visual Studio Solution File, Format Version 12.00
# Visual Studio 15
VisualStudioVersion = 15.0.28307.1321
MinimumVisualStudioVersion = 10.0.40219.1
Project("{FAE04EC0-301F-11D3-BF4B-00C04F79EFBC}") = "wpfDagger", "wpfDagger\wpfDagger.csproj", "{90BEF874-05C7-4A3D-A864-E9ACB6C9ABD9}"
EndProject
Project("{FAE04EC0-301F-11D3-BF4B-00C04F79EFBC}") = "DaggerfallConnect", "DaggerfallConnect\DaggerfallConnect.csproj", "{9806DDFD-BDCA-45DA-86DC-0EA77C95833C}"
EndProject
Project("{FAE04EC0-301F-11D3-BF4B-00C04F79EFBC}") = "OptixCore.Library", "OptixCore.Library\OptixCore.Library.csproj", "{7240A527-1293-42A0-A331-C6AB1F03C1A9}"
EndProject
Project("{8BC9CEB8-8B4A-11D0-8D11-00A0C91BC942}") = "CudaRT", "CudaRT\CudaRT.vcxproj", "{90083AB0-876A-4598-A612-0008457BCEC9}"
EndProject
Global
	GlobalSection(SolutionConfigurationPlatforms) = preSolution
		Debug|Any CPU = Debug|Any CPU
		Debug|x64 = Debug|x64
		Release|Any CPU = Release|Any CPU
		Release|x64 = Release|x64
	EndGlobalSection
	GlobalSection(ProjectConfigurationPlatforms) = postSolution
		{90BEF874-05C7-4A3D-A864-E9ACB6C9ABD9}.Debug|Any CPU.ActiveCfg = Debug|Any CPU
		{90BEF874-05C7-4A3D-A864-E9ACB6C9ABD9}.Debug|Any CPU.Build.0 = Debug|Any CPU
		{90BEF874-05C7-4A3D-A864-E9ACB6C9ABD9}.Debug|x64.ActiveCfg = Debug|Any CPU
		{90BEF874-05C7-4A3D-A864-E9ACB6C9ABD9}.Debug|x64.Build.0 = Debug|Any CPU
		{90BEF874-05C7-4A3D-A864-E9ACB6C9ABD9}.Release|Any CPU.ActiveCfg = Release|Any CPU
		{90BEF874-05C7-4A3D-A864-E9ACB6C9ABD9}.Release|Any CPU.Build.0 = Release|Any CPU
		{90BEF874-05C7-4A3D-A864-E9ACB6C9ABD9}.Release|x64.ActiveCfg = Release|Any CPU
		{90BEF874-05C7-4A3D-A864-E9ACB6C9ABD9}.Release|x64.Build.0 = Release|Any CPU
		{9806DDFD-BDCA-45DA-86DC-0EA77C95833C}.Debug|Any CPU.ActiveCfg = Debug|Any CPU
		{9806DDFD-BDCA-45DA-86DC-0EA77C95833C}.Debug|Any CPU.Build.0 = Debug|Any CPU
		{9806DDFD-BDCA-45DA-86DC-0EA77C95833C}.Debug|x64.ActiveCfg = Debug|Any CPU
		{9806DDFD-BDCA-45DA-86DC-0EA77C95833C}.Debug|x64.Build.0 = Debug|Any CPU
		{9806DDFD-BDCA-45DA-86DC-0EA77C95833C}.Release|Any CPU.ActiveCfg = Release|Any CPU
		{9806DDFD-BDCA-45DA-86DC-0EA77C95833C}.Release|Any CPU.Build.0 = Release|Any CPU
		{9806DDFD-BDCA-45DA-86DC-0EA77C95833C}.Release|x64.ActiveCfg = Release|Any CPU
		{9806DDFD-BDCA-45DA-86DC-0EA77C95833C}.Release|x64.Build.0 = Release|Any CPU
		{7240A527-1293-42A0-A331-C6AB1F03C1A9}.Debug|Any CPU.ActiveCfg = Debug|Any CPU
		{7240A527-1293-42A0-A331-C6AB1F03C1A9}.Debug|Any CPU.Build.0 = Debug|Any CPU
		{7240A527-1293-42A0-A331-C6AB1F03C1A9}.Debug|x64.ActiveCfg = Debug|Any CPU
		{7240A527-1293-42A0-A331-C6AB1F03C1A9}.Debug|x64.Build.0 = Debug|Any CPU
		{7240A527-1293-42A0-A331-C6AB1F03C1A9}.Release|Any CPU.ActiveCfg = Release|Any CPU
		{7240A527-1293-42A0-A331-C6AB1F03C1A9}.Release|Any CPU.Build.0 = Release|Any CPU
		{7240A527-1293-42A0-A331-C6AB1F03C1A9}.Release|x64.ActiveCfg = Release|Any CPU
		{7240A527-1293-42A0-A331-C6AB1F03C1A9}.Release|x64.Build.0 = Release|Any CPU
		{90083AB0-876A-4598-A612-0008457BCEC9}.Debug|Any CPU.ActiveCfg = Debug|x64
		{90083AB0-876A-4598-A612-0008457BCEC9}.Debug|Any CPU.Build.0 = Debug|x64
		{90083AB0-876A-4598-A612-0008457BCEC9}.Debug|x64.ActiveCfg = Debug|x64
		{90083AB0-876A-4598-A612-0008457BCEC9}.Debug|x64.Build.0 = Debug|x64
		{90083AB0-876A-4598-A612-0008457BCEC9}.Release|Any CPU.ActiveCfg = Release|x64
		{90083AB0-876A-4598-A612-0008457BCEC9}.Release|Any CPU.Build.0 = Release|x64
		{90083AB0-876A-4598-A612-0008457BCEC9}.Release|x64.ActiveCfg = Release|x64
		{90083AB0-876A-4598-A612-0008457BCEC9}.Release|x64.Build.0 = Release|x64
	EndGlobalSection
	GlobalSection(SolutionProperties) = preSolution
		HideSolutionNode = FALSE
	EndGlobalSection
	GlobalSection(ExtensibilityGlobals) = postSolution
		SolutionGuid = {E8D7DDAD-8C47-4C1F-A4E5-004903D549D4}
	EndGlobalSection
EndGlobal
